// !$*UTF8*$!
{
	archiveVersion = 1;
	classes = {
	};
	objectVersion = 50;
	objects = {

/* Begin PBXBuildFile section */
		D621386D226F1D2200827821 /* AppDelegate.m in Sources */ = {isa = PBXBuildFile; fileRef = D621386C226F1D2200827821 /* AppDelegate.m */; };
		D6213870226F1D2200827821 /* ViewController.m in Sources */ = {isa = PBXBuildFile; fileRef = D621386F226F1D2200827821 /* ViewController.m */; };
		D6213873226F1D2200827821 /* Main.storyboard in Resources */ = {isa = PBXBuildFile; fileRef = D6213871226F1D2200827821 /* Main.storyboard */; };
		D6213875226F1D2400827821 /* Assets.xcassets in Resources */ = {isa = PBXBuildFile; fileRef = D6213874226F1D2400827821 /* Assets.xcassets */; };
		D6213878226F1D2400827821 /* LaunchScreen.storyboard in Resources */ = {isa = PBXBuildFile; fileRef = D6213876226F1D2400827821 /* LaunchScreen.storyboard */; };
		D621387B226F1D2400827821 /* main.m in Sources */ = {isa = PBXBuildFile; fileRef = D621387A226F1D2400827821 /* main.m */; };
		D6213888226F2B3D00827821 /* IOViewController.m in Sources */ = {isa = PBXBuildFile; fileRef = D6213887226F2B3D00827821 /* IOViewController.m */; };
		D62138AB226F324100827821 /* README.md in Resources */ = {isa = PBXBuildFile; fileRef = D6213890226F324100827821 /* README.md */; };
		D62138AC226F324100827821 /* PingFoundation.m in Sources */ = {isa = PBXBuildFile; fileRef = D6213891226F324100827821 /* PingFoundation.m */; };
		D62138AD226F324100827821 /* PingHelper.m in Sources */ = {isa = PBXBuildFile; fileRef = D6213892226F324100827821 /* PingHelper.m */; };
		D62138AE226F324100827821 /* LocalConnection.m in Sources */ = {isa = PBXBuildFile; fileRef = D6213895226F324100827821 /* LocalConnection.m */; };
		D62138AF226F324100827821 /* GHHTTPManager.m in Sources */ = {isa = PBXBuildFile; fileRef = D6213896226F324100827821 /* GHHTTPManager.m */; };
		D62138B0226F324100827821 /* ReachState.m in Sources */ = {isa = PBXBuildFile; fileRef = D621389F226F324100827821 /* ReachState.m */; };
		D62138B1226F324100827821 /* ReachStateUnloaded.m in Sources */ = {isa = PBXBuildFile; fileRef = D62138A1226F324100827821 /* ReachStateUnloaded.m */; };
		D62138B2226F324100827821 /* ReachStateUnReachable.m in Sources */ = {isa = PBXBuildFile; fileRef = D62138A2226F324100827821 /* ReachStateUnReachable.m */; };
		D62138B3226F324100827821 /* ReachStateWWAN.m in Sources */ = {isa = PBXBuildFile; fileRef = D62138A3226F324100827821 /* ReachStateWWAN.m */; };
		D62138B4226F324100827821 /* ReachStateLoading.m in Sources */ = {isa = PBXBuildFile; fileRef = D62138A5226F324100827821 /* ReachStateLoading.m */; };
		D62138B5226F324100827821 /* FSMEngine.m in Sources */ = {isa = PBXBuildFile; fileRef = D62138A6226F324100827821 /* FSMEngine.m */; };
		D62138B6226F324100827821 /* FSMStateUtil.m in Sources */ = {isa = PBXBuildFile; fileRef = D62138A7226F324100827821 /* FSMStateUtil.m */; };
		D62138B7226F324100827821 /* ReachStateWIFI.m in Sources */ = {isa = PBXBuildFile; fileRef = D62138A8226F324100827821 /* ReachStateWIFI.m */; };
		D62138B8226F324100827821 /* RealReachability.m in Sources */ = {isa = PBXBuildFile; fileRef = D62138A9226F324100827821 /* RealReachability.m */; };
		D62138BB226F3A3400827821 /* IOMailModel.m in Sources */ = {isa = PBXBuildFile; fileRef = D62138BA226F3A3400827821 /* IOMailModel.m */; };
		D62138C2226F3E1E00827821 /* IOMaiDetailsViewController.m in Sources */ = {isa = PBXBuildFile; fileRef = D62138C1226F3E1E00827821 /* IOMaiDetailsViewController.m */; };
		D62138C5226F414E00827821 /* IOMaiDetailsCell.m in Sources */ = {isa = PBXBuildFile; fileRef = D62138C4226F414E00827821 /* IOMaiDetailsCell.m */; };
		D62138C8226F41B200827821 /* IOMaiDetailsModel.m in Sources */ = {isa = PBXBuildFile; fileRef = D62138C7226F41B200827821 /* IOMaiDetailsModel.m */; };
		D62138CE226F576800827821 /* IOTabBarController.m in Sources */ = {isa = PBXBuildFile; fileRef = D62138CD226F576800827821 /* IOTabBarController.m */; };
		D62138D5226F585C00827821 /* IOHistoryViewController.m in Sources */ = {isa = PBXBuildFile; fileRef = D62138D4226F585C00827821 /* IOHistoryViewController.m */; };
		D62138D8226F590800827821 /* IOHistoryCell.m in Sources */ = {isa = PBXBuildFile; fileRef = D62138D7226F590800827821 /* IOHistoryCell.m */; };
		D62138DF226F5A0700827821 /* IOPhoneViewController.m in Sources */ = {isa = PBXBuildFile; fileRef = D62138DE226F5A0700827821 /* IOPhoneViewController.m */; };
		D62138E2226F5ECC00827821 /* IOPhoneCell.m in Sources */ = {isa = PBXBuildFile; fileRef = D62138E1226F5ECC00827821 /* IOPhoneCell.m */; };
		D62138E5226F60F400827821 /* IOPhoneModel.m in Sources */ = {isa = PBXBuildFile; fileRef = D62138E4226F60F400827821 /* IOPhoneModel.m */; };
		D62138E8226FFE7E00827821 /* CacheHelper.m in Sources */ = {isa = PBXBuildFile; fileRef = D62138E7226FFE7E00827821 /* CacheHelper.m */; };
		D62138F0226FFFD600827821 /* NSObject+WYCoding.m in Sources */ = {isa = PBXBuildFile; fileRef = D62138EA226FFFD600827821 /* NSObject+WYCoding.m */; };
		D62138F1226FFFD600827821 /* WYFileManager.m in Sources */ = {isa = PBXBuildFile; fileRef = D62138EB226FFFD600827821 /* WYFileManager.m */; };
		D62138F2226FFFD600827821 /* WYProperty.m in Sources */ = {isa = PBXBuildFile; fileRef = D62138EF226FFFD600827821 /* WYProperty.m */; };
		D62138F722700C4700827821 /* GHDBModel.m in Sources */ = {isa = PBXBuildFile; fileRef = D62138F522700C4700827821 /* GHDBModel.m */; };
		D62138F822700C4700827821 /* GHDBHelper.m in Sources */ = {isa = PBXBuildFile; fileRef = D62138F622700C4700827821 /* GHDBHelper.m */; };
		D62138FB22700D9F00827821 /* IOMailManager.m in Sources */ = {isa = PBXBuildFile; fileRef = D62138FA22700D9F00827821 /* IOMailManager.m */; };
		D621394F227023F100827821 /* GHAdjustFocal.m in Sources */ = {isa = PBXBuildFile; fileRef = D621393F227023F000827821 /* GHAdjustFocal.m */; };
		D6213950227023F100827821 /* GHCameraModuleViewController.m in Sources */ = {isa = PBXBuildFile; fileRef = D6213942227023F000827821 /* GHCameraModuleViewController.m */; };
		D6213951227023F100827821 /* GHPrivacyAuthTool.m in Sources */ = {isa = PBXBuildFile; fileRef = D6213944227023F000827821 /* GHPrivacyAuthTool.m */; };
		D6213952227023F100827821 /* GHCameraModuleView.m in Sources */ = {isa = PBXBuildFile; fileRef = D6213945227023F000827821 /* GHCameraModuleView.m */; };
		D6213953227023F100827821 /* GHTimerManager.m in Sources */ = {isa = PBXBuildFile; fileRef = D6213946227023F000827821 /* GHTimerManager.m */; };
		D6213954227023F100827821 /* UIView+Extension.m in Sources */ = {isa = PBXBuildFile; fileRef = D6213948227023F000827821 /* UIView+Extension.m */; };
		D6213955227023F100827821 /* GHCameraModule.m in Sources */ = {isa = PBXBuildFile; fileRef = D6213949227023F000827821 /* GHCameraModule.m */; };
		D6213956227023F100827821 /* GHScanView.m in Sources */ = {isa = PBXBuildFile; fileRef = D621394B227023F100827821 /* GHScanView.m */; };
		D6A13E622283BB4300AA20EF /* ToastTool.m in Sources */ = {isa = PBXBuildFile; fileRef = D6A13E612283BB4300AA20EF /* ToastTool.m */; };
		D6A13E692283BCDE00AA20EF /* IOSendMailViewController.m in Sources */ = {isa = PBXBuildFile; fileRef = D6A13E682283BCDE00AA20EF /* IOSendMailViewController.m */; };
		D6A13E6C2283BF6A00AA20EF /* IOSendMailCell.m in Sources */ = {isa = PBXBuildFile; fileRef = D6A13E6B2283BF6A00AA20EF /* IOSendMailCell.m */; };
		D6A13E722283C9D600AA20EF /* IOSendMailHeader.m in Sources */ = {isa = PBXBuildFile; fileRef = D6A13E712283C9D600AA20EF /* IOSendMailHeader.m */; };
		D6A13E7A2283D12000AA20EF /* YBRectConst.m in Sources */ = {isa = PBXBuildFile; fileRef = D6A13E752283D11D00AA20EF /* YBRectConst.m */; };
		D6A13E7B2283D12000AA20EF /* YBPopupMenuPath.m in Sources */ = {isa = PBXBuildFile; fileRef = D6A13E762283D11D00AA20EF /* YBPopupMenuPath.m */; };
		D6A13E7C2283D12000AA20EF /* YBPopupMenu.m in Sources */ = {isa = PBXBuildFile; fileRef = D6A13E782283D11D00AA20EF /* YBPopupMenu.m */; };
		D6A13EA5228507FB00AA20EF /* IOLoginViewController.m in Sources */ = {isa = PBXBuildFile; fileRef = D6A13EA4228507FB00AA20EF /* IOLoginViewController.m */; };
		D6A13EAC22850D6900AA20EF /* IORegisterViewController.m in Sources */ = {isa = PBXBuildFile; fileRef = D6A13EAB22850D6900AA20EF /* IORegisterViewController.m */; };
		D6A13EB32285126A00AA20EF /* IOMineViewController.m in Sources */ = {isa = PBXBuildFile; fileRef = D6A13EB22285126A00AA20EF /* IOMineViewController.m */; };
		D6A13EB62285192E00AA20EF /* IOMineCell.m in Sources */ = {isa = PBXBuildFile; fileRef = D6A13EB52285192E00AA20EF /* IOMineCell.m */; };
		D6A13EB92285224300AA20EF /* IOMineHeader.m in Sources */ = {isa = PBXBuildFile; fileRef = D6A13EB82285224300AA20EF /* IOMineHeader.m */; };
		D6A13EC022854F8B00AA20EF /* IOChangePasswordViewController.m in Sources */ = {isa = PBXBuildFile; fileRef = D6A13EBF22854F8B00AA20EF /* IOChangePasswordViewController.m */; };
		D6A13EC72285518700AA20EF /* IOSuggestViewController.m in Sources */ = {isa = PBXBuildFile; fileRef = D6A13EC62285518700AA20EF /* IOSuggestViewController.m */; };
		D6A13ECC2285527100AA20EF /* GHContentView.m in Sources */ = {isa = PBXBuildFile; fileRef = D6A13EC82285527100AA20EF /* GHContentView.m */; };
		D6A13ECD2285527100AA20EF /* GHCustomAlertView.m in Sources */ = {isa = PBXBuildFile; fileRef = D6A13ECB2285527100AA20EF /* GHCustomAlertView.m */; };
		D6A13ED0228552E700AA20EF /* UIView+GHAdd.m in Sources */ = {isa = PBXBuildFile; fileRef = D6A13ECF228552E700AA20EF /* UIView+GHAdd.m */; };
		D6A13ED322855BF100AA20EF /* GHActivity.m in Sources */ = {isa = PBXBuildFile; fileRef = D6A13ED222855BF100AA20EF /* GHActivity.m */; };
		D6C765BB2288565A0073F09B /* Images.xcassets in Resources */ = {isa = PBXBuildFile; fileRef = D6C765BA2288565A0073F09B /* Images.xcassets */; };
		DE4E2B6EE8EF0E9C8B134677 /* libPods-GHQueryMail.a in Frameworks */ = {isa = PBXBuildFile; fileRef = D1D278A5D5A2C6FA1D42C2A2 /* libPods-GHQueryMail.a */; };
/* End PBXBuildFile section */

/* Begin PBXFileReference section */
		144B12DD75B402C03E817E61 /* Pods-GHQueryMail.release.xcconfig */ = {isa = PBXFileReference; includeInIndex = 1; lastKnownFileType = text.xcconfig; name = "Pods-GHQueryMail.release.xcconfig"; path = "Pods/Target Support Files/Pods-GHQueryMail/Pods-GHQueryMail.release.xcconfig"; sourceTree = "<group>"; };
		D1D278A5D5A2C6FA1D42C2A2 /* libPods-GHQueryMail.a */ = {isa = PBXFileReference; explicitFileType = archive.ar; includeInIndex = 0; path = "libPods-GHQueryMail.a"; sourceTree = BUILT_PRODUCTS_DIR; };
		D6213868226F1D2200827821 /* GHQueryMail.app */ = {isa = PBXFileReference; explicitFileType = wrapper.application; includeInIndex = 0; path = GHQueryMail.app; sourceTree = BUILT_PRODUCTS_DIR; };
		D621386B226F1D2200827821 /* AppDelegate.h */ = {isa = PBXFileReference; lastKnownFileType = sourcecode.c.h; path = AppDelegate.h; sourceTree = "<group>"; };
		D621386C226F1D2200827821 /* AppDelegate.m */ = {isa = PBXFileReference; lastKnownFileType = sourcecode.c.objc; path = AppDelegate.m; sourceTree = "<group>"; };
		D621386E226F1D2200827821 /* ViewController.h */ = {isa = PBXFileReference; lastKnownFileType = sourcecode.c.h; path = ViewController.h; sourceTree = "<group>"; };
		D621386F226F1D2200827821 /* ViewController.m */ = {isa = PBXFileReference; lastKnownFileType = sourcecode.c.objc; path = ViewController.m; sourceTree = "<group>"; };
		D6213872226F1D2200827821 /* Base */ = {isa = PBXFileReference; lastKnownFileType = file.storyboard; name = Base; path = Base.lproj/Main.storyboard; sourceTree = "<group>"; };
		D6213874226F1D2400827821 /* Assets.xcassets */ = {isa = PBXFileReference; lastKnownFileType = folder.assetcatalog; path = Assets.xcassets; sourceTree = "<group>"; };
		D6213877226F1D2400827821 /* Base */ = {isa = PBXFileReference; lastKnownFileType = file.storyboard; name = Base; path = Base.lproj/LaunchScreen.storyboard; sourceTree = "<group>"; };
		D6213879226F1D2400827821 /* Info.plist */ = {isa = PBXFileReference; lastKnownFileType = text.plist.xml; path = Info.plist; sourceTree = "<group>"; };
		D621387A226F1D2400827821 /* main.m */ = {isa = PBXFileReference; lastKnownFileType = sourcecode.c.objc; path = main.m; sourceTree = "<group>"; };
		D6213886226F2B3D00827821 /* IOViewController.h */ = {isa = PBXFileReference; lastKnownFileType = sourcecode.c.h; path = IOViewController.h; sourceTree = "<group>"; };
		D6213887226F2B3D00827821 /* IOViewController.m */ = {isa = PBXFileReference; lastKnownFileType = sourcecode.c.objc; path = IOViewController.m; sourceTree = "<group>"; };
		D6213889226F2CA900827821 /* Header.h */ = {isa = PBXFileReference; lastKnownFileType = sourcecode.c.h; path = Header.h; sourceTree = "<group>"; };
		D621388C226F324100827821 /* RealReachability.h */ = {isa = PBXFileReference; fileEncoding = 4; lastKnownFileType = sourcecode.c.h; path = RealReachability.h; sourceTree = "<group>"; };
		D621388E226F324100827821 /* PingFoundation.h */ = {isa = PBXFileReference; fileEncoding = 4; lastKnownFileType = sourcecode.c.h; path = PingFoundation.h; sourceTree = "<group>"; };
		D621388F226F324100827821 /* PingHelper.h */ = {isa = PBXFileReference; fileEncoding = 4; lastKnownFileType = sourcecode.c.h; path = PingHelper.h; sourceTree = "<group>"; };
		D6213890226F324100827821 /* README.md */ = {isa = PBXFileReference; fileEncoding = 4; lastKnownFileType = net.daringfireball.markdown; path = README.md; sourceTree = "<group>"; };
		D6213891226F324100827821 /* PingFoundation.m */ = {isa = PBXFileReference; fileEncoding = 4; lastKnownFileType = sourcecode.c.objc; path = PingFoundation.m; sourceTree = "<group>"; };
		D6213892226F324100827821 /* PingHelper.m */ = {isa = PBXFileReference; fileEncoding = 4; lastKnownFileType = sourcecode.c.objc; path = PingHelper.m; sourceTree = "<group>"; };
		D6213894226F324100827821 /* LocalConnection.h */ = {isa = PBXFileReference; fileEncoding = 4; lastKnownFileType = sourcecode.c.h; path = LocalConnection.h; sourceTree = "<group>"; };
		D6213895226F324100827821 /* LocalConnection.m */ = {isa = PBXFileReference; fileEncoding = 4; lastKnownFileType = sourcecode.c.objc; path = LocalConnection.m; sourceTree = "<group>"; };
		D6213896226F324100827821 /* GHHTTPManager.m */ = {isa = PBXFileReference; fileEncoding = 4; lastKnownFileType = sourcecode.c.objc; path = GHHTTPManager.m; sourceTree = "<group>"; };
		D6213898226F324100827821 /* FSMDefines.h */ = {isa = PBXFileReference; fileEncoding = 4; lastKnownFileType = sourcecode.c.h; path = FSMDefines.h; sourceTree = "<group>"; };
		D6213899226F324100827821 /* ReachStateUnReachable.h */ = {isa = PBXFileReference; fileEncoding = 4; lastKnownFileType = sourcecode.c.h; path = ReachStateUnReachable.h; sourceTree = "<group>"; };
		D621389A226F324100827821 /* ReachStateWWAN.h */ = {isa = PBXFileReference; fileEncoding = 4; lastKnownFileType = sourcecode.c.h; path = ReachStateWWAN.h; sourceTree = "<group>"; };
		D621389B226F324100827821 /* ReachStateUnloaded.h */ = {isa = PBXFileReference; fileEncoding = 4; lastKnownFileType = sourcecode.c.h; path = ReachStateUnloaded.h; sourceTree = "<group>"; };
		D621389C226F324100827821 /* FSMStateUtil.h */ = {isa = PBXFileReference; fileEncoding = 4; lastKnownFileType = sourcecode.c.h; path = FSMStateUtil.h; sourceTree = "<group>"; };
		D621389D226F324100827821 /* FSMEngine.h */ = {isa = PBXFileReference; fileEncoding = 4; lastKnownFileType = sourcecode.c.h; path = FSMEngine.h; sourceTree = "<group>"; };
		D621389E226F324100827821 /* ReachStateLoading.h */ = {isa = PBXFileReference; fileEncoding = 4; lastKnownFileType = sourcecode.c.h; path = ReachStateLoading.h; sourceTree = "<group>"; };
		D621389F226F324100827821 /* ReachState.m */ = {isa = PBXFileReference; fileEncoding = 4; lastKnownFileType = sourcecode.c.objc; path = ReachState.m; sourceTree = "<group>"; };
		D62138A0226F324100827821 /* ReachStateWIFI.h */ = {isa = PBXFileReference; fileEncoding = 4; lastKnownFileType = sourcecode.c.h; path = ReachStateWIFI.h; sourceTree = "<group>"; };
		D62138A1226F324100827821 /* ReachStateUnloaded.m */ = {isa = PBXFileReference; fileEncoding = 4; lastKnownFileType = sourcecode.c.objc; path = ReachStateUnloaded.m; sourceTree = "<group>"; };
		D62138A2226F324100827821 /* ReachStateUnReachable.m */ = {isa = PBXFileReference; fileEncoding = 4; lastKnownFileType = sourcecode.c.objc; path = ReachStateUnReachable.m; sourceTree = "<group>"; };
		D62138A3226F324100827821 /* ReachStateWWAN.m */ = {isa = PBXFileReference; fileEncoding = 4; lastKnownFileType = sourcecode.c.objc; path = ReachStateWWAN.m; sourceTree = "<group>"; };
		D62138A4226F324100827821 /* ReachState.h */ = {isa = PBXFileReference; fileEncoding = 4; lastKnownFileType = sourcecode.c.h; path = ReachState.h; sourceTree = "<group>"; };
		D62138A5226F324100827821 /* ReachStateLoading.m */ = {isa = PBXFileReference; fileEncoding = 4; lastKnownFileType = sourcecode.c.objc; path = ReachStateLoading.m; sourceTree = "<group>"; };
		D62138A6226F324100827821 /* FSMEngine.m */ = {isa = PBXFileReference; fileEncoding = 4; lastKnownFileType = sourcecode.c.objc; path = FSMEngine.m; sourceTree = "<group>"; };
		D62138A7226F324100827821 /* FSMStateUtil.m */ = {isa = PBXFileReference; fileEncoding = 4; lastKnownFileType = sourcecode.c.objc; path = FSMStateUtil.m; sourceTree = "<group>"; };
		D62138A8226F324100827821 /* ReachStateWIFI.m */ = {isa = PBXFileReference; fileEncoding = 4; lastKnownFileType = sourcecode.c.objc; path = ReachStateWIFI.m; sourceTree = "<group>"; };
		D62138A9226F324100827821 /* RealReachability.m */ = {isa = PBXFileReference; fileEncoding = 4; lastKnownFileType = sourcecode.c.objc; path = RealReachability.m; sourceTree = "<group>"; };
		D62138AA226F324100827821 /* GHHTTPManager.h */ = {isa = PBXFileReference; fileEncoding = 4; lastKnownFileType = sourcecode.c.h; path = GHHTTPManager.h; sourceTree = "<group>"; };
		D62138B9226F3A3400827821 /* IOMailModel.h */ = {isa = PBXFileReference; lastKnownFileType = sourcecode.c.h; path = IOMailModel.h; sourceTree = "<group>"; };
		D62138BA226F3A3400827821 /* IOMailModel.m */ = {isa = PBXFileReference; lastKnownFileType = sourcecode.c.objc; path = IOMailModel.m; sourceTree = "<group>"; };
		D62138C0226F3E1E00827821 /* IOMaiDetailsViewController.h */ = {isa = PBXFileReference; lastKnownFileType = sourcecode.c.h; path = IOMaiDetailsViewController.h; sourceTree = "<group>"; };
		D62138C1226F3E1E00827821 /* IOMaiDetailsViewController.m */ = {isa = PBXFileReference; lastKnownFileType = sourcecode.c.objc; path = IOMaiDetailsViewController.m; sourceTree = "<group>"; };
		D62138C3226F414E00827821 /* IOMaiDetailsCell.h */ = {isa = PBXFileReference; lastKnownFileType = sourcecode.c.h; path = IOMaiDetailsCell.h; sourceTree = "<group>"; };
		D62138C4226F414E00827821 /* IOMaiDetailsCell.m */ = {isa = PBXFileReference; lastKnownFileType = sourcecode.c.objc; path = IOMaiDetailsCell.m; sourceTree = "<group>"; };
		D62138C6226F41B200827821 /* IOMaiDetailsModel.h */ = {isa = PBXFileReference; lastKnownFileType = sourcecode.c.h; path = IOMaiDetailsModel.h; sourceTree = "<group>"; };
		D62138C7226F41B200827821 /* IOMaiDetailsModel.m */ = {isa = PBXFileReference; lastKnownFileType = sourcecode.c.objc; path = IOMaiDetailsModel.m; sourceTree = "<group>"; };
		D62138CC226F576800827821 /* IOTabBarController.h */ = {isa = PBXFileReference; lastKnownFileType = sourcecode.c.h; path = IOTabBarController.h; sourceTree = "<group>"; };
		D62138CD226F576800827821 /* IOTabBarController.m */ = {isa = PBXFileReference; lastKnownFileType = sourcecode.c.objc; path = IOTabBarController.m; sourceTree = "<group>"; };
		D62138D3226F585C00827821 /* IOHistoryViewController.h */ = {isa = PBXFileReference; lastKnownFileType = sourcecode.c.h; path = IOHistoryViewController.h; sourceTree = "<group>"; };
		D62138D4226F585C00827821 /* IOHistoryViewController.m */ = {isa = PBXFileReference; lastKnownFileType = sourcecode.c.objc; path = IOHistoryViewController.m; sourceTree = "<group>"; };
		D62138D6226F590800827821 /* IOHistoryCell.h */ = {isa = PBXFileReference; lastKnownFileType = sourcecode.c.h; path = IOHistoryCell.h; sourceTree = "<group>"; };
		D62138D7226F590800827821 /* IOHistoryCell.m */ = {isa = PBXFileReference; lastKnownFileType = sourcecode.c.objc; path = IOHistoryCell.m; sourceTree = "<group>"; };
		D62138DD226F5A0700827821 /* IOPhoneViewController.h */ = {isa = PBXFileReference; lastKnownFileType = sourcecode.c.h; path = IOPhoneViewController.h; sourceTree = "<group>"; };
		D62138DE226F5A0700827821 /* IOPhoneViewController.m */ = {isa = PBXFileReference; lastKnownFileType = sourcecode.c.objc; path = IOPhoneViewController.m; sourceTree = "<group>"; };
		D62138E0226F5ECC00827821 /* IOPhoneCell.h */ = {isa = PBXFileReference; lastKnownFileType = sourcecode.c.h; path = IOPhoneCell.h; sourceTree = "<group>"; };
		D62138E1226F5ECC00827821 /* IOPhoneCell.m */ = {isa = PBXFileReference; lastKnownFileType = sourcecode.c.objc; path = IOPhoneCell.m; sourceTree = "<group>"; };
		D62138E3226F60F400827821 /* IOPhoneModel.h */ = {isa = PBXFileReference; lastKnownFileType = sourcecode.c.h; path = IOPhoneModel.h; sourceTree = "<group>"; };
		D62138E4226F60F400827821 /* IOPhoneModel.m */ = {isa = PBXFileReference; lastKnownFileType = sourcecode.c.objc; path = IOPhoneModel.m; sourceTree = "<group>"; };
		D62138E6226FFE7E00827821 /* CacheHelper.h */ = {isa = PBXFileReference; fileEncoding = 4; lastKnownFileType = sourcecode.c.h; path = CacheHelper.h; sourceTree = "<group>"; };
		D62138E7226FFE7E00827821 /* CacheHelper.m */ = {isa = PBXFileReference; fileEncoding = 4; lastKnownFileType = sourcecode.c.objc; path = CacheHelper.m; sourceTree = "<group>"; };
		D62138EA226FFFD600827821 /* NSObject+WYCoding.m */ = {isa = PBXFileReference; fileEncoding = 4; lastKnownFileType = sourcecode.c.objc; path = "NSObject+WYCoding.m"; sourceTree = "<group>"; };
		D62138EB226FFFD600827821 /* WYFileManager.m */ = {isa = PBXFileReference; fileEncoding = 4; lastKnownFileType = sourcecode.c.objc; path = WYFileManager.m; sourceTree = "<group>"; };
		D62138EC226FFFD600827821 /* WYProperty.h */ = {isa = PBXFileReference; fileEncoding = 4; lastKnownFileType = sourcecode.c.h; path = WYProperty.h; sourceTree = "<group>"; };
		D62138ED226FFFD600827821 /* WYFileManager.h */ = {isa = PBXFileReference; fileEncoding = 4; lastKnownFileType = sourcecode.c.h; path = WYFileManager.h; sourceTree = "<group>"; };
		D62138EE226FFFD600827821 /* NSObject+WYCoding.h */ = {isa = PBXFileReference; fileEncoding = 4; lastKnownFileType = sourcecode.c.h; path = "NSObject+WYCoding.h"; sourceTree = "<group>"; };
		D62138EF226FFFD600827821 /* WYProperty.m */ = {isa = PBXFileReference; fileEncoding = 4; lastKnownFileType = sourcecode.c.objc; path = WYProperty.m; sourceTree = "<group>"; };
		D62138F322700C4500827821 /* GHDBHelper.h */ = {isa = PBXFileReference; fileEncoding = 4; lastKnownFileType = sourcecode.c.h; path = GHDBHelper.h; sourceTree = "<group>"; };
		D62138F422700C4700827821 /* GHDBModel.h */ = {isa = PBXFileReference; fileEncoding = 4; lastKnownFileType = sourcecode.c.h; path = GHDBModel.h; sourceTree = "<group>"; };
		D62138F522700C4700827821 /* GHDBModel.m */ = {isa = PBXFileReference; fileEncoding = 4; lastKnownFileType = sourcecode.c.objc; path = GHDBModel.m; sourceTree = "<group>"; };
		D62138F622700C4700827821 /* GHDBHelper.m */ = {isa = PBXFileReference; fileEncoding = 4; lastKnownFileType = sourcecode.c.objc; path = GHDBHelper.m; sourceTree = "<group>"; };
		D62138F922700D9F00827821 /* IOMailManager.h */ = {isa = PBXFileReference; lastKnownFileType = sourcecode.c.h; path = IOMailManager.h; sourceTree = "<group>"; };
		D62138FA22700D9F00827821 /* IOMailManager.m */ = {isa = PBXFileReference; lastKnownFileType = sourcecode.c.objc; path = IOMailManager.m; sourceTree = "<group>"; };
		D621393E227023F000827821 /* GHTimerManager.h */ = {isa = PBXFileReference; fileEncoding = 4; lastKnownFileType = sourcecode.c.h; path = GHTimerManager.h; sourceTree = "<group>"; };
		D621393F227023F000827821 /* GHAdjustFocal.m */ = {isa = PBXFileReference; fileEncoding = 4; lastKnownFileType = sourcecode.c.objc; path = GHAdjustFocal.m; sourceTree = "<group>"; };
		D6213940227023F000827821 /* GHAdjustFocal.h */ = {isa = PBXFileReference; fileEncoding = 4; lastKnownFileType = sourcecode.c.h; path = GHAdjustFocal.h; sourceTree = "<group>"; };
		D6213941227023F000827821 /* GHCameraModuleHeader.h */ = {isa = PBXFileReference; fileEncoding = 4; lastKnownFileType = sourcecode.c.h; path = GHCameraModuleHeader.h; sourceTree = "<group>"; };
		D6213942227023F000827821 /* GHCameraModuleViewController.m */ = {isa = PBXFileReference; fileEncoding = 4; lastKnownFileType = sourcecode.c.objc; path = GHCameraModuleViewController.m; sourceTree = "<group>"; };
		D6213943227023F000827821 /* GHPrivacyAuthTool.h */ = {isa = PBXFileReference; fileEncoding = 4; lastKnownFileType = sourcecode.c.h; path = GHPrivacyAuthTool.h; sourceTree = "<group>"; };
		D6213944227023F000827821 /* GHPrivacyAuthTool.m */ = {isa = PBXFileReference; fileEncoding = 4; lastKnownFileType = sourcecode.c.objc; path = GHPrivacyAuthTool.m; sourceTree = "<group>"; };
		D6213945227023F000827821 /* GHCameraModuleView.m */ = {isa = PBXFileReference; fileEncoding = 4; lastKnownFileType = sourcecode.c.objc; path = GHCameraModuleView.m; sourceTree = "<group>"; };
		D6213946227023F000827821 /* GHTimerManager.m */ = {isa = PBXFileReference; fileEncoding = 4; lastKnownFileType = sourcecode.c.objc; path = GHTimerManager.m; sourceTree = "<group>"; };
		D6213947227023F000827821 /* UIView+Extension.h */ = {isa = PBXFileReference; fileEncoding = 4; lastKnownFileType = sourcecode.c.h; path = "UIView+Extension.h"; sourceTree = "<group>"; };
		D6213948227023F000827821 /* UIView+Extension.m */ = {isa = PBXFileReference; fileEncoding = 4; lastKnownFileType = sourcecode.c.objc; path = "UIView+Extension.m"; sourceTree = "<group>"; };
		D6213949227023F000827821 /* GHCameraModule.m */ = {isa = PBXFileReference; fileEncoding = 4; lastKnownFileType = sourcecode.c.objc; path = GHCameraModule.m; sourceTree = "<group>"; };
		D621394A227023F100827821 /* GHCameraModule.h */ = {isa = PBXFileReference; fileEncoding = 4; lastKnownFileType = sourcecode.c.h; path = GHCameraModule.h; sourceTree = "<group>"; };
		D621394B227023F100827821 /* GHScanView.m */ = {isa = PBXFileReference; fileEncoding = 4; lastKnownFileType = sourcecode.c.objc; path = GHScanView.m; sourceTree = "<group>"; };
		D621394C227023F100827821 /* GHScanView.h */ = {isa = PBXFileReference; fileEncoding = 4; lastKnownFileType = sourcecode.c.h; path = GHScanView.h; sourceTree = "<group>"; };
		D621394D227023F100827821 /* GHCameraModuleView.h */ = {isa = PBXFileReference; fileEncoding = 4; lastKnownFileType = sourcecode.c.h; path = GHCameraModuleView.h; sourceTree = "<group>"; };
		D621394E227023F100827821 /* GHCameraModuleViewController.h */ = {isa = PBXFileReference; fileEncoding = 4; lastKnownFileType = sourcecode.c.h; path = GHCameraModuleViewController.h; sourceTree = "<group>"; };
		D67D2B6522709DFF00B9A574 /* GHQueryMail.entitlements */ = {isa = PBXFileReference; lastKnownFileType = text.plist.entitlements; path = GHQueryMail.entitlements; sourceTree = "<group>"; };
		D67D2BBE2270B2F700B9A574 /* WebKit.framework */ = {isa = PBXFileReference; lastKnownFileType = wrapper.framework; name = WebKit.framework; path = System/Library/Frameworks/WebKit.framework; sourceTree = SDKROOT; };
		D67D2BC02270B30800B9A574 /* libz.tbd */ = {isa = PBXFileReference; lastKnownFileType = "sourcecode.text-based-dylib-definition"; name = libz.tbd; path = usr/lib/libz.tbd; sourceTree = SDKROOT; };
		D67D2BC22270B31700B9A574 /* libicucore.tbd */ = {isa = PBXFileReference; lastKnownFileType = "sourcecode.text-based-dylib-definition"; name = libicucore.tbd; path = usr/lib/libicucore.tbd; sourceTree = SDKROOT; };
		D6A13E602283BB4300AA20EF /* ToastTool.h */ = {isa = PBXFileReference; fileEncoding = 4; lastKnownFileType = sourcecode.c.h; path = ToastTool.h; sourceTree = "<group>"; };
		D6A13E612283BB4300AA20EF /* ToastTool.m */ = {isa = PBXFileReference; fileEncoding = 4; lastKnownFileType = sourcecode.c.objc; path = ToastTool.m; sourceTree = "<group>"; };
		D6A13E672283BCDE00AA20EF /* IOSendMailViewController.h */ = {isa = PBXFileReference; lastKnownFileType = sourcecode.c.h; path = IOSendMailViewController.h; sourceTree = "<group>"; };
		D6A13E682283BCDE00AA20EF /* IOSendMailViewController.m */ = {isa = PBXFileReference; lastKnownFileType = sourcecode.c.objc; path = IOSendMailViewController.m; sourceTree = "<group>"; };
		D6A13E6A2283BF6A00AA20EF /* IOSendMailCell.h */ = {isa = PBXFileReference; lastKnownFileType = sourcecode.c.h; path = IOSendMailCell.h; sourceTree = "<group>"; };
		D6A13E6B2283BF6A00AA20EF /* IOSendMailCell.m */ = {isa = PBXFileReference; lastKnownFileType = sourcecode.c.objc; path = IOSendMailCell.m; sourceTree = "<group>"; };
		D6A13E702283C9D600AA20EF /* IOSendMailHeader.h */ = {isa = PBXFileReference; lastKnownFileType = sourcecode.c.h; path = IOSendMailHeader.h; sourceTree = "<group>"; };
		D6A13E712283C9D600AA20EF /* IOSendMailHeader.m */ = {isa = PBXFileReference; lastKnownFileType = sourcecode.c.objc; path = IOSendMailHeader.m; sourceTree = "<group>"; };
		D6A13E742283D11D00AA20EF /* YBPopupMenu.h */ = {isa = PBXFileReference; fileEncoding = 4; lastKnownFileType = sourcecode.c.h; path = YBPopupMenu.h; sourceTree = "<group>"; };
		D6A13E752283D11D00AA20EF /* YBRectConst.m */ = {isa = PBXFileReference; fileEncoding = 4; lastKnownFileType = sourcecode.c.objc; path = YBRectConst.m; sourceTree = "<group>"; };
		D6A13E762283D11D00AA20EF /* YBPopupMenuPath.m */ = {isa = PBXFileReference; fileEncoding = 4; lastKnownFileType = sourcecode.c.objc; path = YBPopupMenuPath.m; sourceTree = "<group>"; };
		D6A13E772283D11D00AA20EF /* YBRectConst.h */ = {isa = PBXFileReference; fileEncoding = 4; lastKnownFileType = sourcecode.c.h; path = YBRectConst.h; sourceTree = "<group>"; };
		D6A13E782283D11D00AA20EF /* YBPopupMenu.m */ = {isa = PBXFileReference; fileEncoding = 4; lastKnownFileType = sourcecode.c.objc; path = YBPopupMenu.m; sourceTree = "<group>"; };
		D6A13E792283D11D00AA20EF /* YBPopupMenuPath.h */ = {isa = PBXFileReference; fileEncoding = 4; lastKnownFileType = sourcecode.c.h; path = YBPopupMenuPath.h; sourceTree = "<group>"; };
		D6A13EA3228507FB00AA20EF /* IOLoginViewController.h */ = {isa = PBXFileReference; lastKnownFileType = sourcecode.c.h; path = IOLoginViewController.h; sourceTree = "<group>"; };
		D6A13EA4228507FB00AA20EF /* IOLoginViewController.m */ = {isa = PBXFileReference; lastKnownFileType = sourcecode.c.objc; path = IOLoginViewController.m; sourceTree = "<group>"; };
		D6A13EAA22850D6900AA20EF /* IORegisterViewController.h */ = {isa = PBXFileReference; lastKnownFileType = sourcecode.c.h; path = IORegisterViewController.h; sourceTree = "<group>"; };
		D6A13EAB22850D6900AA20EF /* IORegisterViewController.m */ = {isa = PBXFileReference; lastKnownFileType = sourcecode.c.objc; path = IORegisterViewController.m; sourceTree = "<group>"; };
		D6A13EB12285126A00AA20EF /* IOMineViewController.h */ = {isa = PBXFileReference; lastKnownFileType = sourcecode.c.h; path = IOMineViewController.h; sourceTree = "<group>"; };
		D6A13EB22285126A00AA20EF /* IOMineViewController.m */ = {isa = PBXFileReference; lastKnownFileType = sourcecode.c.objc; path = IOMineViewController.m; sourceTree = "<group>"; };
		D6A13EB42285192E00AA20EF /* IOMineCell.h */ = {isa = PBXFileReference; lastKnownFileType = sourcecode.c.h; path = IOMineCell.h; sourceTree = "<group>"; };
		D6A13EB52285192E00AA20EF /* IOMineCell.m */ = {isa = PBXFileReference; lastKnownFileType = sourcecode.c.objc; path = IOMineCell.m; sourceTree = "<group>"; };
		D6A13EB72285224300AA20EF /* IOMineHeader.h */ = {isa = PBXFileReference; lastKnownFileType = sourcecode.c.h; path = IOMineHeader.h; sourceTree = "<group>"; };
		D6A13EB82285224300AA20EF /* IOMineHeader.m */ = {isa = PBXFileReference; lastKnownFileType = sourcecode.c.objc; path = IOMineHeader.m; sourceTree = "<group>"; };
		D6A13EBE22854F8B00AA20EF /* IOChangePasswordViewController.h */ = {isa = PBXFileReference; lastKnownFileType = sourcecode.c.h; path = IOChangePasswordViewController.h; sourceTree = "<group>"; };
		D6A13EBF22854F8B00AA20EF /* IOChangePasswordViewController.m */ = {isa = PBXFileReference; lastKnownFileType = sourcecode.c.objc; path = IOChangePasswordViewController.m; sourceTree = "<group>"; };
		D6A13EC52285518700AA20EF /* IOSuggestViewController.h */ = {isa = PBXFileReference; lastKnownFileType = sourcecode.c.h; path = IOSuggestViewController.h; sourceTree = "<group>"; };
		D6A13EC62285518700AA20EF /* IOSuggestViewController.m */ = {isa = PBXFileReference; lastKnownFileType = sourcecode.c.objc; path = IOSuggestViewController.m; sourceTree = "<group>"; };
		D6A13EC82285527100AA20EF /* GHContentView.m */ = {isa = PBXFileReference; fileEncoding = 4; lastKnownFileType = sourcecode.c.objc; path = GHContentView.m; sourceTree = "<group>"; };
		D6A13EC92285527100AA20EF /* GHCustomAlertView.h */ = {isa = PBXFileReference; fileEncoding = 4; lastKnownFileType = sourcecode.c.h; path = GHCustomAlertView.h; sourceTree = "<group>"; };
		D6A13ECA2285527100AA20EF /* GHContentView.h */ = {isa = PBXFileReference; fileEncoding = 4; lastKnownFileType = sourcecode.c.h; path = GHContentView.h; sourceTree = "<group>"; };
		D6A13ECB2285527100AA20EF /* GHCustomAlertView.m */ = {isa = PBXFileReference; fileEncoding = 4; lastKnownFileType = sourcecode.c.objc; path = GHCustomAlertView.m; sourceTree = "<group>"; };
		D6A13ECE228552E700AA20EF /* UIView+GHAdd.h */ = {isa = PBXFileReference; fileEncoding = 4; lastKnownFileType = sourcecode.c.h; path = "UIView+GHAdd.h"; sourceTree = "<group>"; };
		D6A13ECF228552E700AA20EF /* UIView+GHAdd.m */ = {isa = PBXFileReference; fileEncoding = 4; lastKnownFileType = sourcecode.c.objc; path = "UIView+GHAdd.m"; sourceTree = "<group>"; };
		D6A13ED122855BF100AA20EF /* GHActivity.h */ = {isa = PBXFileReference; fileEncoding = 4; lastKnownFileType = sourcecode.c.h; path = GHActivity.h; sourceTree = "<group>"; };
		D6A13ED222855BF100AA20EF /* GHActivity.m */ = {isa = PBXFileReference; fileEncoding = 4; lastKnownFileType = sourcecode.c.objc; path = GHActivity.m; sourceTree = "<group>"; };
		D6C765BA2288565A0073F09B /* Images.xcassets */ = {isa = PBXFileReference; lastKnownFileType = folder.assetcatalog; path = Images.xcassets; sourceTree = "<group>"; };
		E7E76E5D50E487BF6B3B4B01 /* Pods-GHQueryMail.debug.xcconfig */ = {isa = PBXFileReference; includeInIndex = 1; lastKnownFileType = text.xcconfig; name = "Pods-GHQueryMail.debug.xcconfig"; path = "Pods/Target Support Files/Pods-GHQueryMail/Pods-GHQueryMail.debug.xcconfig"; sourceTree = "<group>"; };
/* End PBXFileReference section */

/* Begin PBXFrameworksBuildPhase section */
		D6213865226F1D2200827821 /* Frameworks */ = {
			isa = PBXFrameworksBuildPhase;
			buildActionMask = 2147483647;
			files = (
				DE4E2B6EE8EF0E9C8B134677 /* libPods-GHQueryMail.a in Frameworks */,
			);
			runOnlyForDeploymentPostprocessing = 0;
		};
/* End PBXFrameworksBuildPhase section */

/* Begin PBXGroup section */
		63BAEFD6FF70B686D3510415 /* Frameworks */ = {
			isa = PBXGroup;
			children = (
				D67D2BC22270B31700B9A574 /* libicucore.tbd */,
				D67D2BC02270B30800B9A574 /* libz.tbd */,
				D67D2BBE2270B2F700B9A574 /* WebKit.framework */,
				D1D278A5D5A2C6FA1D42C2A2 /* libPods-GHQueryMail.a */,
			);
			name = Frameworks;
			sourceTree = "<group>";
		};
		C6049D6B20992FFBBFCADDE6 /* Pods */ = {
			isa = PBXGroup;
			children = (
				E7E76E5D50E487BF6B3B4B01 /* Pods-GHQueryMail.debug.xcconfig */,
				144B12DD75B402C03E817E61 /* Pods-GHQueryMail.release.xcconfig */,
			);
			name = Pods;
			sourceTree = "<group>";
		};
		D621385F226F1D2200827821 = {
			isa = PBXGroup;
			children = (
				D621386A226F1D2200827821 /* GHQueryMail */,
				D6213869226F1D2200827821 /* Products */,
				C6049D6B20992FFBBFCADDE6 /* Pods */,
				63BAEFD6FF70B686D3510415 /* Frameworks */,
			);
			sourceTree = "<group>";
		};
		D6213869226F1D2200827821 /* Products */ = {
			isa = PBXGroup;
			children = (
				D6213868226F1D2200827821 /* GHQueryMail.app */,
			);
			name = Products;
			sourceTree = "<group>";
		};
		D621386A226F1D2200827821 /* GHQueryMail */ = {
			isa = PBXGroup;
			children = (
				D67D2B6522709DFF00B9A574 /* GHQueryMail.entitlements */,
				D6213881226F282100827821 /* Classes */,
				D621386B226F1D2200827821 /* AppDelegate.h */,
				D621386C226F1D2200827821 /* AppDelegate.m */,
				D621386E226F1D2200827821 /* ViewController.h */,
				D621386F226F1D2200827821 /* ViewController.m */,
				D6213889226F2CA900827821 /* Header.h */,
				D6213871226F1D2200827821 /* Main.storyboard */,
				D6213874226F1D2400827821 /* Assets.xcassets */,
				D6213876226F1D2400827821 /* LaunchScreen.storyboard */,
				D6213879226F1D2400827821 /* Info.plist */,
				D621387A226F1D2400827821 /* main.m */,
				D6C765BA2288565A0073F09B /* Images.xcassets */,
			);
			path = GHQueryMail;
			sourceTree = "<group>";
		};
		D6213881226F282100827821 /* Classes */ = {
			isa = PBXGroup;
			children = (
				D6A13EC12285517E00AA20EF /* Suggest */,
				D6A13EBA22854F7E00AA20EF /* ChangePassword */,
				D6A13EAD2285125E00AA20EF /* Mine */,
				D6A13EA622850D6000AA20EF /* Register */,
				D6A13E9F228507EB00AA20EF /* Login */,
				D6A13E632283BCBB00AA20EF /* SendMail */,
				D62138D9226F59F900827821 /* Phone */,
				D62138CF226F584C00827821 /* History */,
				D62138CA226F571D00827821 /* Main */,
				D62138BC226F3E1100827821 /* MaiDetails */,
				D621388A226F324100827821 /* Tool */,
				D6213882226F2B1300827821 /* Home */,
			);
			path = Classes;
			sourceTree = "<group>";
		};
		D6213882226F2B1300827821 /* Home */ = {
			isa = PBXGroup;
			children = (
				D6213940227023F000827821 /* GHAdjustFocal.h */,
				D621393F227023F000827821 /* GHAdjustFocal.m */,
				D621394A227023F100827821 /* GHCameraModule.h */,
				D6213949227023F000827821 /* GHCameraModule.m */,
				D6213941227023F000827821 /* GHCameraModuleHeader.h */,
				D621394D227023F100827821 /* GHCameraModuleView.h */,
				D6213945227023F000827821 /* GHCameraModuleView.m */,
				D621394E227023F100827821 /* GHCameraModuleViewController.h */,
				D6213942227023F000827821 /* GHCameraModuleViewController.m */,
				D6213943227023F000827821 /* GHPrivacyAuthTool.h */,
				D6213944227023F000827821 /* GHPrivacyAuthTool.m */,
				D621394C227023F100827821 /* GHScanView.h */,
				D621394B227023F100827821 /* GHScanView.m */,
				D621393E227023F000827821 /* GHTimerManager.h */,
				D6213946227023F000827821 /* GHTimerManager.m */,
				D6213947227023F000827821 /* UIView+Extension.h */,
				D6213948227023F000827821 /* UIView+Extension.m */,
				D6213883226F2B1300827821 /* Controller */,
				D6213884226F2B1300827821 /* Model */,
				D6213885226F2B1300827821 /* View */,
			);
			path = Home;
			sourceTree = "<group>";
		};
		D6213883226F2B1300827821 /* Controller */ = {
			isa = PBXGroup;
			children = (
				D6213886226F2B3D00827821 /* IOViewController.h */,
				D6213887226F2B3D00827821 /* IOViewController.m */,
			);
			path = Controller;
			sourceTree = "<group>";
		};
		D6213884226F2B1300827821 /* Model */ = {
			isa = PBXGroup;
			children = (
				D62138B9226F3A3400827821 /* IOMailModel.h */,
				D62138BA226F3A3400827821 /* IOMailModel.m */,
				D62138F922700D9F00827821 /* IOMailManager.h */,
				D62138FA22700D9F00827821 /* IOMailManager.m */,
			);
			path = Model;
			sourceTree = "<group>";
		};
		D6213885226F2B1300827821 /* View */ = {
			isa = PBXGroup;
			children = (
			);
			path = View;
			sourceTree = "<group>";
		};
		D621388A226F324100827821 /* Tool */ = {
			isa = PBXGroup;
			children = (
				D6A13E732283D11D00AA20EF /* YBPopupMenu */,
				D6A13E602283BB4300AA20EF /* ToastTool.h */,
				D6A13E612283BB4300AA20EF /* ToastTool.m */,
				D62138F322700C4500827821 /* GHDBHelper.h */,
				D62138F622700C4700827821 /* GHDBHelper.m */,
				D62138F422700C4700827821 /* GHDBModel.h */,
				D62138F522700C4700827821 /* GHDBModel.m */,
				D62138E9226FFFD600827821 /* WYCoding */,
				D62138E6226FFE7E00827821 /* CacheHelper.h */,
				D62138E7226FFE7E00827821 /* CacheHelper.m */,
				D621388B226F324100827821 /* HTTPManager */,
			);
			path = Tool;
			sourceTree = "<group>";
		};
		D621388B226F324100827821 /* HTTPManager */ = {
			isa = PBXGroup;
			children = (
				D621388C226F324100827821 /* RealReachability.h */,
				D621388D226F324100827821 /* Ping */,
				D6213893226F324100827821 /* Connection */,
				D6213896226F324100827821 /* GHHTTPManager.m */,
				D6213897226F324100827821 /* FSM */,
				D62138A9226F324100827821 /* RealReachability.m */,
				D62138AA226F324100827821 /* GHHTTPManager.h */,
			);
			path = HTTPManager;
			sourceTree = "<group>";
		};
		D621388D226F324100827821 /* Ping */ = {
			isa = PBXGroup;
			children = (
				D621388E226F324100827821 /* PingFoundation.h */,
				D621388F226F324100827821 /* PingHelper.h */,
				D6213890226F324100827821 /* README.md */,
				D6213891226F324100827821 /* PingFoundation.m */,
				D6213892226F324100827821 /* PingHelper.m */,
			);
			path = Ping;
			sourceTree = "<group>";
		};
		D6213893226F324100827821 /* Connection */ = {
			isa = PBXGroup;
			children = (
				D6213894226F324100827821 /* LocalConnection.h */,
				D6213895226F324100827821 /* LocalConnection.m */,
			);
			path = Connection;
			sourceTree = "<group>";
		};
		D6213897226F324100827821 /* FSM */ = {
			isa = PBXGroup;
			children = (
				D6213898226F324100827821 /* FSMDefines.h */,
				D6213899226F324100827821 /* ReachStateUnReachable.h */,
				D621389A226F324100827821 /* ReachStateWWAN.h */,
				D621389B226F324100827821 /* ReachStateUnloaded.h */,
				D621389C226F324100827821 /* FSMStateUtil.h */,
				D621389D226F324100827821 /* FSMEngine.h */,
				D621389E226F324100827821 /* ReachStateLoading.h */,
				D621389F226F324100827821 /* ReachState.m */,
				D62138A0226F324100827821 /* ReachStateWIFI.h */,
				D62138A1226F324100827821 /* ReachStateUnloaded.m */,
				D62138A2226F324100827821 /* ReachStateUnReachable.m */,
				D62138A3226F324100827821 /* ReachStateWWAN.m */,
				D62138A4226F324100827821 /* ReachState.h */,
				D62138A5226F324100827821 /* ReachStateLoading.m */,
				D62138A6226F324100827821 /* FSMEngine.m */,
				D62138A7226F324100827821 /* FSMStateUtil.m */,
				D62138A8226F324100827821 /* ReachStateWIFI.m */,
			);
			path = FSM;
			sourceTree = "<group>";
		};
		D62138BC226F3E1100827821 /* MaiDetails */ = {
			isa = PBXGroup;
			children = (
				D62138BD226F3E1100827821 /* Controller */,
				D62138BE226F3E1100827821 /* Model */,
				D62138BF226F3E1100827821 /* View */,
			);
			path = MaiDetails;
			sourceTree = "<group>";
		};
		D62138BD226F3E1100827821 /* Controller */ = {
			isa = PBXGroup;
			children = (
				D62138C0226F3E1E00827821 /* IOMaiDetailsViewController.h */,
				D62138C1226F3E1E00827821 /* IOMaiDetailsViewController.m */,
			);
			path = Controller;
			sourceTree = "<group>";
		};
		D62138BE226F3E1100827821 /* Model */ = {
			isa = PBXGroup;
			children = (
				D62138C6226F41B200827821 /* IOMaiDetailsModel.h */,
				D62138C7226F41B200827821 /* IOMaiDetailsModel.m */,
			);
			path = Model;
			sourceTree = "<group>";
		};
		D62138BF226F3E1100827821 /* View */ = {
			isa = PBXGroup;
			children = (
				D62138C3226F414E00827821 /* IOMaiDetailsCell.h */,
				D62138C4226F414E00827821 /* IOMaiDetailsCell.m */,
			);
			path = View;
			sourceTree = "<group>";
		};
		D62138CA226F571D00827821 /* Main */ = {
			isa = PBXGroup;
			children = (
				D62138CB226F571D00827821 /* Controller */,
			);
			path = Main;
			sourceTree = "<group>";
		};
		D62138CB226F571D00827821 /* Controller */ = {
			isa = PBXGroup;
			children = (
				D62138CC226F576800827821 /* IOTabBarController.h */,
				D62138CD226F576800827821 /* IOTabBarController.m */,
			);
			path = Controller;
			sourceTree = "<group>";
		};
		D62138CF226F584C00827821 /* History */ = {
			isa = PBXGroup;
			children = (
				D62138D0226F584C00827821 /* Controller */,
				D62138D1226F584C00827821 /* Model */,
				D62138D2226F584C00827821 /* View */,
			);
			path = History;
			sourceTree = "<group>";
		};
		D62138D0226F584C00827821 /* Controller */ = {
			isa = PBXGroup;
			children = (
				D62138D3226F585C00827821 /* IOHistoryViewController.h */,
				D62138D4226F585C00827821 /* IOHistoryViewController.m */,
			);
			path = Controller;
			sourceTree = "<group>";
		};
		D62138D1226F584C00827821 /* Model */ = {
			isa = PBXGroup;
			children = (
			);
			path = Model;
			sourceTree = "<group>";
		};
		D62138D2226F584C00827821 /* View */ = {
			isa = PBXGroup;
			children = (
				D62138D6226F590800827821 /* IOHistoryCell.h */,
				D62138D7226F590800827821 /* IOHistoryCell.m */,
			);
			path = View;
			sourceTree = "<group>";
		};
		D62138D9226F59F900827821 /* Phone */ = {
			isa = PBXGroup;
			children = (
				D62138DA226F59F900827821 /* Controller */,
				D62138DB226F59F900827821 /* Model */,
				D62138DC226F59F900827821 /* View */,
			);
			path = Phone;
			sourceTree = "<group>";
		};
		D62138DA226F59F900827821 /* Controller */ = {
			isa = PBXGroup;
			children = (
				D62138DD226F5A0700827821 /* IOPhoneViewController.h */,
				D62138DE226F5A0700827821 /* IOPhoneViewController.m */,
			);
			path = Controller;
			sourceTree = "<group>";
		};
		D62138DB226F59F900827821 /* Model */ = {
			isa = PBXGroup;
			children = (
				D62138E3226F60F400827821 /* IOPhoneModel.h */,
				D62138E4226F60F400827821 /* IOPhoneModel.m */,
			);
			path = Model;
			sourceTree = "<group>";
		};
		D62138DC226F59F900827821 /* View */ = {
			isa = PBXGroup;
			children = (
				D62138E0226F5ECC00827821 /* IOPhoneCell.h */,
				D62138E1226F5ECC00827821 /* IOPhoneCell.m */,
			);
			path = View;
			sourceTree = "<group>";
		};
		D62138E9226FFFD600827821 /* WYCoding */ = {
			isa = PBXGroup;
			children = (
				D62138EA226FFFD600827821 /* NSObject+WYCoding.m */,
				D62138EB226FFFD600827821 /* WYFileManager.m */,
				D62138EC226FFFD600827821 /* WYProperty.h */,
				D62138ED226FFFD600827821 /* WYFileManager.h */,
				D62138EE226FFFD600827821 /* NSObject+WYCoding.h */,
				D62138EF226FFFD600827821 /* WYProperty.m */,
			);
			path = WYCoding;
			sourceTree = "<group>";
		};
		D6A13E632283BCBB00AA20EF /* SendMail */ = {
			isa = PBXGroup;
			children = (
				D6A13E652283BCBB00AA20EF /* Model */,
				D6A13E642283BCBB00AA20EF /* Controller */,
				D6A13E662283BCBB00AA20EF /* View */,
			);
			path = SendMail;
			sourceTree = "<group>";
		};
		D6A13E642283BCBB00AA20EF /* Controller */ = {
			isa = PBXGroup;
			children = (
				D6A13E672283BCDE00AA20EF /* IOSendMailViewController.h */,
				D6A13E682283BCDE00AA20EF /* IOSendMailViewController.m */,
			);
			path = Controller;
			sourceTree = "<group>";
		};
		D6A13E652283BCBB00AA20EF /* Model */ = {
			isa = PBXGroup;
			children = (
			);
			path = Model;
			sourceTree = "<group>";
		};
		D6A13E662283BCBB00AA20EF /* View */ = {
			isa = PBXGroup;
			children = (
				D6A13E6A2283BF6A00AA20EF /* IOSendMailCell.h */,
				D6A13E6B2283BF6A00AA20EF /* IOSendMailCell.m */,
				D6A13E702283C9D600AA20EF /* IOSendMailHeader.h */,
				D6A13E712283C9D600AA20EF /* IOSendMailHeader.m */,
			);
			path = View;
			sourceTree = "<group>";
		};
		D6A13E732283D11D00AA20EF /* YBPopupMenu */ = {
			isa = PBXGroup;
			children = (
				D6A13E742283D11D00AA20EF /* YBPopupMenu.h */,
				D6A13E752283D11D00AA20EF /* YBRectConst.m */,
				D6A13E762283D11D00AA20EF /* YBPopupMenuPath.m */,
				D6A13E772283D11D00AA20EF /* YBRectConst.h */,
				D6A13E782283D11D00AA20EF /* YBPopupMenu.m */,
				D6A13E792283D11D00AA20EF /* YBPopupMenuPath.h */,
			);
			path = YBPopupMenu;
			sourceTree = "<group>";
		};
		D6A13E9F228507EB00AA20EF /* Login */ = {
			isa = PBXGroup;
			children = (
				D6A13EA0228507EB00AA20EF /* Controller */,
				D6A13EA1228507EB00AA20EF /* Model */,
				D6A13EA2228507EB00AA20EF /* View */,
			);
			path = Login;
			sourceTree = "<group>";
		};
		D6A13EA0228507EB00AA20EF /* Controller */ = {
			isa = PBXGroup;
			children = (
				D6A13EA3228507FB00AA20EF /* IOLoginViewController.h */,
				D6A13EA4228507FB00AA20EF /* IOLoginViewController.m */,
			);
			path = Controller;
			sourceTree = "<group>";
		};
		D6A13EA1228507EB00AA20EF /* Model */ = {
			isa = PBXGroup;
			children = (
			);
			path = Model;
			sourceTree = "<group>";
		};
		D6A13EA2228507EB00AA20EF /* View */ = {
			isa = PBXGroup;
			children = (
			);
			path = View;
			sourceTree = "<group>";
		};
		D6A13EA622850D6000AA20EF /* Register */ = {
			isa = PBXGroup;
			children = (
				D6A13EA722850D6000AA20EF /* Controller */,
				D6A13EA822850D6000AA20EF /* Model */,
				D6A13EA922850D6000AA20EF /* View */,
			);
			path = Register;
			sourceTree = "<group>";
		};
		D6A13EA722850D6000AA20EF /* Controller */ = {
			isa = PBXGroup;
			children = (
				D6A13EAA22850D6900AA20EF /* IORegisterViewController.h */,
				D6A13EAB22850D6900AA20EF /* IORegisterViewController.m */,
			);
			path = Controller;
			sourceTree = "<group>";
		};
		D6A13EA822850D6000AA20EF /* Model */ = {
			isa = PBXGroup;
			children = (
			);
			path = Model;
			sourceTree = "<group>";
		};
		D6A13EA922850D6000AA20EF /* View */ = {
			isa = PBXGroup;
			children = (
			);
			path = View;
			sourceTree = "<group>";
		};
		D6A13EAD2285125E00AA20EF /* Mine */ = {
			isa = PBXGroup;
			children = (
				D6A13EAE2285125E00AA20EF /* Controller */,
				D6A13EAF2285125E00AA20EF /* Model */,
				D6A13EB02285125E00AA20EF /* View */,
			);
			path = Mine;
			sourceTree = "<group>";
		};
		D6A13EAE2285125E00AA20EF /* Controller */ = {
			isa = PBXGroup;
			children = (
				D6A13EB12285126A00AA20EF /* IOMineViewController.h */,
				D6A13EB22285126A00AA20EF /* IOMineViewController.m */,
			);
			path = Controller;
			sourceTree = "<group>";
		};
		D6A13EAF2285125E00AA20EF /* Model */ = {
			isa = PBXGroup;
			children = (
			);
			path = Model;
			sourceTree = "<group>";
		};
		D6A13EB02285125E00AA20EF /* View */ = {
			isa = PBXGroup;
			children = (
				D6A13EB42285192E00AA20EF /* IOMineCell.h */,
				D6A13EB52285192E00AA20EF /* IOMineCell.m */,
				D6A13EB72285224300AA20EF /* IOMineHeader.h */,
				D6A13EB82285224300AA20EF /* IOMineHeader.m */,
			);
			path = View;
			sourceTree = "<group>";
		};
		D6A13EBA22854F7E00AA20EF /* ChangePassword */ = {
			isa = PBXGroup;
			children = (
				D6A13EBB22854F7E00AA20EF /* Controller */,
				D6A13EBC22854F7E00AA20EF /* Model */,
				D6A13EBD22854F7E00AA20EF /* View */,
			);
			path = ChangePassword;
			sourceTree = "<group>";
		};
		D6A13EBB22854F7E00AA20EF /* Controller */ = {
			isa = PBXGroup;
			children = (
				D6A13EBE22854F8B00AA20EF /* IOChangePasswordViewController.h */,
				D6A13EBF22854F8B00AA20EF /* IOChangePasswordViewController.m */,
			);
			path = Controller;
			sourceTree = "<group>";
		};
		D6A13EBC22854F7E00AA20EF /* Model */ = {
			isa = PBXGroup;
			children = (
			);
			path = Model;
			sourceTree = "<group>";
		};
		D6A13EBD22854F7E00AA20EF /* View */ = {
			isa = PBXGroup;
			children = (
			);
			path = View;
			sourceTree = "<group>";
		};
		D6A13EC12285517E00AA20EF /* Suggest */ = {
			isa = PBXGroup;
			children = (
				D6A13EC22285517E00AA20EF /* Controller */,
				D6A13EC32285517E00AA20EF /* Model */,
				D6A13EC42285517E00AA20EF /* View */,
			);
			path = Suggest;
			sourceTree = "<group>";
		};
		D6A13EC22285517E00AA20EF /* Controller */ = {
			isa = PBXGroup;
			children = (
				D6A13EC52285518700AA20EF /* IOSuggestViewController.h */,
				D6A13EC62285518700AA20EF /* IOSuggestViewController.m */,
			);
			path = Controller;
			sourceTree = "<group>";
		};
		D6A13EC32285517E00AA20EF /* Model */ = {
			isa = PBXGroup;
			children = (
			);
			path = Model;
			sourceTree = "<group>";
		};
		D6A13EC42285517E00AA20EF /* View */ = {
			isa = PBXGroup;
			children = (
				D6A13ECE228552E700AA20EF /* UIView+GHAdd.h */,
				D6A13ECF228552E700AA20EF /* UIView+GHAdd.m */,
				D6A13ECA2285527100AA20EF /* GHContentView.h */,
				D6A13EC82285527100AA20EF /* GHContentView.m */,
				D6A13EC92285527100AA20EF /* GHCustomAlertView.h */,
				D6A13ECB2285527100AA20EF /* GHCustomAlertView.m */,
				D6A13ED122855BF100AA20EF /* GHActivity.h */,
				D6A13ED222855BF100AA20EF /* GHActivity.m */,
			);
			path = View;
			sourceTree = "<group>";
		};
/* End PBXGroup section */

/* Begin PBXNativeTarget section */
		D6213867226F1D2200827821 /* GHQueryMail */ = {
			isa = PBXNativeTarget;
			buildConfigurationList = D621387E226F1D2400827821 /* Build configuration list for PBXNativeTarget "GHQueryMail" */;
			buildPhases = (
				A7F4A3B57B0392CC906D6D1F /* [CP] Check Pods Manifest.lock */,
				D6213864226F1D2200827821 /* Sources */,
				D6213865226F1D2200827821 /* Frameworks */,
				D6213866226F1D2200827821 /* Resources */,
				791528ABF4A74EEE3A45CB73 /* [CP] Copy Pods Resources */,
			);
			buildRules = (
			);
			dependencies = (
			);
			name = GHQueryMail;
			productName = GHQueryMail;
			productReference = D6213868226F1D2200827821 /* GHQueryMail.app */;
			productType = "com.apple.product-type.application";
		};
/* End PBXNativeTarget section */

/* Begin PBXProject section */
		D6213860226F1D2200827821 /* Project object */ = {
			isa = PBXProject;
			attributes = {
				CLASSPREFIX = IO;
				LastUpgradeCheck = 1010;
				ORGANIZATIONNAME = GHome;
				TargetAttributes = {
					D6213867226F1D2200827821 = {
						CreatedOnToolsVersion = 10.1;
						SystemCapabilities = {
							com.apple.BackgroundModes = {
								enabled = 1;
							};
							com.apple.Push = {
								enabled = 1;
							};
						};
					};
				};
			};
			buildConfigurationList = D6213863226F1D2200827821 /* Build configuration list for PBXProject "GHQueryMail" */;
			compatibilityVersion = "Xcode 9.3";
			developmentRegion = en;
			hasScannedForEncodings = 0;
			knownRegions = (
				en,
				Base,
			);
			mainGroup = D621385F226F1D2200827821;
			productRefGroup = D6213869226F1D2200827821 /* Products */;
			projectDirPath = "";
			projectRoot = "";
			targets = (
				D6213867226F1D2200827821 /* GHQueryMail */,
			);
		};
/* End PBXProject section */

/* Begin PBXResourcesBuildPhase section */
		D6213866226F1D2200827821 /* Resources */ = {
			isa = PBXResourcesBuildPhase;
			buildActionMask = 2147483647;
			files = (
				D6213878226F1D2400827821 /* LaunchScreen.storyboard in Resources */,
				D6213875226F1D2400827821 /* Assets.xcassets in Resources */,
				D6C765BB2288565A0073F09B /* Images.xcassets in Resources */,
				D62138AB226F324100827821 /* README.md in Resources */,
				D6213873226F1D2200827821 /* Main.storyboard in Resources */,
			);
			runOnlyForDeploymentPostprocessing = 0;
		};
/* End PBXResourcesBuildPhase section */

/* Begin PBXShellScriptBuildPhase section */
		791528ABF4A74EEE3A45CB73 /* [CP] Copy Pods Resources */ = {
			isa = PBXShellScriptBuildPhase;
			buildActionMask = 2147483647;
			files = (
			);
			inputFileListPaths = (
			);
			inputPaths = (
				"${SRCROOT}/Pods/Target Support Files/Pods-GHQueryMail/Pods-GHQueryMail-resources.sh",
				"${PODS_ROOT}/AVOSCloud/AVOS/AVOSCloud/AVOSCloud_Art.inc",
				"${PODS_ROOT}/IQKeyboardManager/IQKeyBoardManager/Resources/IQKeyboardManager.bundle",
				"${PODS_ROOT}/MJRefresh/MJRefresh/MJRefresh.bundle",
				"${PODS_ROOT}/SVProgressHUD/SVProgressHUD/SVProgressHUD.bundle",
			);
			name = "[CP] Copy Pods Resources";
			outputFileListPaths = (
			);
			outputPaths = (
				"${TARGET_BUILD_DIR}/${UNLOCALIZED_RESOURCES_FOLDER_PATH}/AVOSCloud_Art.inc",
				"${TARGET_BUILD_DIR}/${UNLOCALIZED_RESOURCES_FOLDER_PATH}/IQKeyboardManager.bundle",
				"${TARGET_BUILD_DIR}/${UNLOCALIZED_RESOURCES_FOLDER_PATH}/MJRefresh.bundle",
				"${TARGET_BUILD_DIR}/${UNLOCALIZED_RESOURCES_FOLDER_PATH}/SVProgressHUD.bundle",
			);
			runOnlyForDeploymentPostprocessing = 0;
			shellPath = /bin/sh;
			shellScript = "\"${SRCROOT}/Pods/Target Support Files/Pods-GHQueryMail/Pods-GHQueryMail-resources.sh\"\n";
			showEnvVarsInLog = 0;
		};
		A7F4A3B57B0392CC906D6D1F /* [CP] Check Pods Manifest.lock */ = {
			isa = PBXShellScriptBuildPhase;
			buildActionMask = 2147483647;
			files = (
			);
			inputFileListPaths = (
			);
			inputPaths = (
				"${PODS_PODFILE_DIR_PATH}/Podfile.lock",
				"${PODS_ROOT}/Manifest.lock",
			);
			name = "[CP] Check Pods Manifest.lock";
			outputFileListPaths = (
			);
			outputPaths = (
				"$(DERIVED_FILE_DIR)/Pods-GHQueryMail-checkManifestLockResult.txt",
			);
			runOnlyForDeploymentPostprocessing = 0;
			shellPath = /bin/sh;
			shellScript = "diff \"${PODS_PODFILE_DIR_PATH}/Podfile.lock\" \"${PODS_ROOT}/Manifest.lock\" > /dev/null\nif [ $? != 0 ] ; then\n    # print error to STDERR\n    echo \"error: The sandbox is not in sync with the Podfile.lock. Run 'pod install' or update your CocoaPods installation.\" >&2\n    exit 1\nfi\n# This output is used by Xcode 'outputs' to avoid re-running this script phase.\necho \"SUCCESS\" > \"${SCRIPT_OUTPUT_FILE_0}\"\n";
			showEnvVarsInLog = 0;
		};
/* End PBXShellScriptBuildPhase section */

/* Begin PBXSourcesBuildPhase section */
		D6213864226F1D2200827821 /* Sources */ = {
			isa = PBXSourcesBuildPhase;
			buildActionMask = 2147483647;
			files = (
				D62138E8226FFE7E00827821 /* CacheHelper.m in Sources */,
				D621394F227023F100827821 /* GHAdjustFocal.m in Sources */,
				D62138B0226F324100827821 /* ReachState.m in Sources */,
				D62138D5226F585C00827821 /* IOHistoryViewController.m in Sources */,
				D62138F1226FFFD600827821 /* WYFileManager.m in Sources */,
				D6A13E692283BCDE00AA20EF /* IOSendMailViewController.m in Sources */,
				D6213955227023F100827821 /* GHCameraModule.m in Sources */,
				D6213888226F2B3D00827821 /* IOViewController.m in Sources */,
				D6A13E622283BB4300AA20EF /* ToastTool.m in Sources */,
				D6213870226F1D2200827821 /* ViewController.m in Sources */,
				D62138E2226F5ECC00827821 /* IOPhoneCell.m in Sources */,
				D62138F2226FFFD600827821 /* WYProperty.m in Sources */,
				D62138D8226F590800827821 /* IOHistoryCell.m in Sources */,
				D6A13EB92285224300AA20EF /* IOMineHeader.m in Sources */,
				D6A13E7B2283D12000AA20EF /* YBPopupMenuPath.m in Sources */,
				D6A13E722283C9D600AA20EF /* IOSendMailHeader.m in Sources */,
				D62138E5226F60F400827821 /* IOPhoneModel.m in Sources */,
				D62138CE226F576800827821 /* IOTabBarController.m in Sources */,
				D621387B226F1D2400827821 /* main.m in Sources */,
				D62138F722700C4700827821 /* GHDBModel.m in Sources */,
				D62138C2226F3E1E00827821 /* IOMaiDetailsViewController.m in Sources */,
				D6A13EC72285518700AA20EF /* IOSuggestViewController.m in Sources */,
				D6213956227023F100827821 /* GHScanView.m in Sources */,
				D62138C8226F41B200827821 /* IOMaiDetailsModel.m in Sources */,
				D6213952227023F100827821 /* GHCameraModuleView.m in Sources */,
				D6A13EAC22850D6900AA20EF /* IORegisterViewController.m in Sources */,
				D6213953227023F100827821 /* GHTimerManager.m in Sources */,
				D62138AE226F324100827821 /* LocalConnection.m in Sources */,
				D62138AF226F324100827821 /* GHHTTPManager.m in Sources */,
				D62138F822700C4700827821 /* GHDBHelper.m in Sources */,
				D6A13EB62285192E00AA20EF /* IOMineCell.m in Sources */,
				D62138B8226F324100827821 /* RealReachability.m in Sources */,
				D62138B5226F324100827821 /* FSMEngine.m in Sources */,
				D6A13E7A2283D12000AA20EF /* YBRectConst.m in Sources */,
				D62138DF226F5A0700827821 /* IOPhoneViewController.m in Sources */,
				D6A13ED0228552E700AA20EF /* UIView+GHAdd.m in Sources */,
				D6A13EC022854F8B00AA20EF /* IOChangePasswordViewController.m in Sources */,
				D6213950227023F100827821 /* GHCameraModuleViewController.m in Sources */,
				D6A13E7C2283D12000AA20EF /* YBPopupMenu.m in Sources */,
				D62138AD226F324100827821 /* PingHelper.m in Sources */,
				D6A13ECC2285527100AA20EF /* GHContentView.m in Sources */,
				D62138C5226F414E00827821 /* IOMaiDetailsCell.m in Sources */,
				D62138B1226F324100827821 /* ReachStateUnloaded.m in Sources */,
				D62138B3226F324100827821 /* ReachStateWWAN.m in Sources */,
				D62138B2226F324100827821 /* ReachStateUnReachable.m in Sources */,
				D6213954227023F100827821 /* UIView+Extension.m in Sources */,
				D6A13ECD2285527100AA20EF /* GHCustomAlertView.m in Sources */,
				D62138FB22700D9F00827821 /* IOMailManager.m in Sources */,
				D6A13E6C2283BF6A00AA20EF /* IOSendMailCell.m in Sources */,
				D62138AC226F324100827821 /* PingFoundation.m in Sources */,
				D62138B4226F324100827821 /* ReachStateLoading.m in Sources */,
				D6213951227023F100827821 /* GHPrivacyAuthTool.m in Sources */,
				D6A13EB32285126A00AA20EF /* IOMineViewController.m in Sources */,
				D6A13EA5228507FB00AA20EF /* IOLoginViewController.m in Sources */,
				D62138F0226FFFD600827821 /* NSObject+WYCoding.m in Sources */,
				D62138BB226F3A3400827821 /* IOMailModel.m in Sources */,
				D62138B6226F324100827821 /* FSMStateUtil.m in Sources */,
				D62138B7226F324100827821 /* ReachStateWIFI.m in Sources */,
				D621386D226F1D2200827821 /* AppDelegate.m in Sources */,
				D6A13ED322855BF100AA20EF /* GHActivity.m in Sources */,
			);
			runOnlyForDeploymentPostprocessing = 0;
		};
/* End PBXSourcesBuildPhase section */

/* Begin PBXVariantGroup section */
		D6213871226F1D2200827821 /* Main.storyboard */ = {
			isa = PBXVariantGroup;
			children = (
				D6213872226F1D2200827821 /* Base */,
			);
			name = Main.storyboard;
			sourceTree = "<group>";
		};
		D6213876226F1D2400827821 /* LaunchScreen.storyboard */ = {
			isa = PBXVariantGroup;
			children = (
				D6213877226F1D2400827821 /* Base */,
			);
			name = LaunchScreen.storyboard;
			sourceTree = "<group>";
		};
/* End PBXVariantGroup section */

/* Begin XCBuildConfiguration section */
		D621387C226F1D2400827821 /* Debug */ = {
			isa = XCBuildConfiguration;
			buildSettings = {
				ALWAYS_SEARCH_USER_PATHS = NO;
				CLANG_ANALYZER_NONNULL = YES;
				CLANG_ANALYZER_NUMBER_OBJECT_CONVERSION = YES_AGGRESSIVE;
				CLANG_CXX_LANGUAGE_STANDARD = "gnu++14";
				CLANG_CXX_LIBRARY = "libc++";
				CLANG_ENABLE_MODULES = YES;
				CLANG_ENABLE_OBJC_ARC = YES;
				CLANG_ENABLE_OBJC_WEAK = YES;
				CLANG_WARN_BLOCK_CAPTURE_AUTORELEASING = YES;
				CLANG_WARN_BOOL_CONVERSION = YES;
				CLANG_WARN_COMMA = YES;
				CLANG_WARN_CONSTANT_CONVERSION = YES;
				CLANG_WARN_DEPRECATED_OBJC_IMPLEMENTATIONS = YES;
				CLANG_WARN_DIRECT_OBJC_ISA_USAGE = YES_ERROR;
				CLANG_WARN_DOCUMENTATION_COMMENTS = YES;
				CLANG_WARN_EMPTY_BODY = YES;
				CLANG_WARN_ENUM_CONVERSION = YES;
				CLANG_WARN_INFINITE_RECURSION = YES;
				CLANG_WARN_INT_CONVERSION = YES;
				CLANG_WARN_NON_LITERAL_NULL_CONVERSION = YES;
				CLANG_WARN_OBJC_IMPLICIT_RETAIN_SELF = YES;
				CLANG_WARN_OBJC_LITERAL_CONVERSION = YES;
				CLANG_WARN_OBJC_ROOT_CLASS = YES_ERROR;
				CLANG_WARN_RANGE_LOOP_ANALYSIS = YES;
				CLANG_WARN_STRICT_PROTOTYPES = YES;
				CLANG_WARN_SUSPICIOUS_MOVE = YES;
				CLANG_WARN_UNGUARDED_AVAILABILITY = YES_AGGRESSIVE;
				CLANG_WARN_UNREACHABLE_CODE = YES;
				CLANG_WARN__DUPLICATE_METHOD_MATCH = YES;
				CODE_SIGN_IDENTITY = "iPhone Developer";
				COPY_PHASE_STRIP = NO;
				DEBUG_INFORMATION_FORMAT = dwarf;
				ENABLE_STRICT_OBJC_MSGSEND = YES;
				ENABLE_TESTABILITY = YES;
				GCC_C_LANGUAGE_STANDARD = gnu11;
				GCC_DYNAMIC_NO_PIC = NO;
				GCC_NO_COMMON_BLOCKS = YES;
				GCC_OPTIMIZATION_LEVEL = 0;
				GCC_PREPROCESSOR_DEFINITIONS = (
					"DEBUG=1",
					"$(inherited)",
				);
				GCC_WARN_64_TO_32_BIT_CONVERSION = YES;
				GCC_WARN_ABOUT_RETURN_TYPE = YES_ERROR;
				GCC_WARN_UNDECLARED_SELECTOR = YES;
				GCC_WARN_UNINITIALIZED_AUTOS = YES_AGGRESSIVE;
				GCC_WARN_UNUSED_FUNCTION = YES;
				GCC_WARN_UNUSED_VARIABLE = YES;
				IPHONEOS_DEPLOYMENT_TARGET = 12.1;
				MTL_ENABLE_DEBUG_INFO = INCLUDE_SOURCE;
				MTL_FAST_MATH = YES;
				ONLY_ACTIVE_ARCH = YES;
				SDKROOT = iphoneos;
			};
			name = Debug;
		};
		D621387D226F1D2400827821 /* Release */ = {
			isa = XCBuildConfiguration;
			buildSettings = {
				ALWAYS_SEARCH_USER_PATHS = NO;
				CLANG_ANALYZER_NONNULL = YES;
				CLANG_ANALYZER_NUMBER_OBJECT_CONVERSION = YES_AGGRESSIVE;
				CLANG_CXX_LANGUAGE_STANDARD = "gnu++14";
				CLANG_CXX_LIBRARY = "libc++";
				CLANG_ENABLE_MODULES = YES;
				CLANG_ENABLE_OBJC_ARC = YES;
				CLANG_ENABLE_OBJC_WEAK = YES;
				CLANG_WARN_BLOCK_CAPTURE_AUTORELEASING = YES;
				CLANG_WARN_BOOL_CONVERSION = YES;
				CLANG_WARN_COMMA = YES;
				CLANG_WARN_CONSTANT_CONVERSION = YES;
				CLANG_WARN_DEPRECATED_OBJC_IMPLEMENTATIONS = YES;
				CLANG_WARN_DIRECT_OBJC_ISA_USAGE = YES_ERROR;
				CLANG_WARN_DOCUMENTATION_COMMENTS = YES;
				CLANG_WARN_EMPTY_BODY = YES;
				CLANG_WARN_ENUM_CONVERSION = YES;
				CLANG_WARN_INFINITE_RECURSION = YES;
				CLANG_WARN_INT_CONVERSION = YES;
				CLANG_WARN_NON_LITERAL_NULL_CONVERSION = YES;
				CLANG_WARN_OBJC_IMPLICIT_RETAIN_SELF = YES;
				CLANG_WARN_OBJC_LITERAL_CONVERSION = YES;
				CLANG_WARN_OBJC_ROOT_CLASS = YES_ERROR;
				CLANG_WARN_RANGE_LOOP_ANALYSIS = YES;
				CLANG_WARN_STRICT_PROTOTYPES = YES;
				CLANG_WARN_SUSPICIOUS_MOVE = YES;
				CLANG_WARN_UNGUARDED_AVAILABILITY = YES_AGGRESSIVE;
				CLANG_WARN_UNREACHABLE_CODE = YES;
				CLANG_WARN__DUPLICATE_METHOD_MATCH = YES;
				CODE_SIGN_IDENTITY = "iPhone Developer";
				COPY_PHASE_STRIP = NO;
				DEBUG_INFORMATION_FORMAT = "dwarf-with-dsym";
				ENABLE_NS_ASSERTIONS = NO;
				ENABLE_STRICT_OBJC_MSGSEND = YES;
				GCC_C_LANGUAGE_STANDARD = gnu11;
				GCC_NO_COMMON_BLOCKS = YES;
				GCC_WARN_64_TO_32_BIT_CONVERSION = YES;
				GCC_WARN_ABOUT_RETURN_TYPE = YES_ERROR;
				GCC_WARN_UNDECLARED_SELECTOR = YES;
				GCC_WARN_UNINITIALIZED_AUTOS = YES_AGGRESSIVE;
				GCC_WARN_UNUSED_FUNCTION = YES;
				GCC_WARN_UNUSED_VARIABLE = YES;
				IPHONEOS_DEPLOYMENT_TARGET = 12.1;
				MTL_ENABLE_DEBUG_INFO = NO;
				MTL_FAST_MATH = YES;
				SDKROOT = iphoneos;
				VALIDATE_PRODUCT = YES;
			};
			name = Release;
		};
		D621387F226F1D2400827821 /* Debug */ = {
			isa = XCBuildConfiguration;
			baseConfigurationReference = E7E76E5D50E487BF6B3B4B01 /* Pods-GHQueryMail.debug.xcconfig */;
			buildSettings = {
				ASSETCATALOG_COMPILER_APPICON_NAME = AppIcon;
				ASSETCATALOG_COMPILER_LAUNCHIMAGE_NAME = LaunchImage;
				CODE_SIGN_ENTITLEMENTS = GHQueryMail/GHQueryMail.entitlements;
				CODE_SIGN_IDENTITY = "iPhone Developer";
				CODE_SIGN_STYLE = Automatic;
				DEVELOPMENT_TEAM = ZXDBXNDWAT;
				ENABLE_BITCODE = NO;
				INFOPLIST_FILE = GHQueryMail/Info.plist;
				IPHONEOS_DEPLOYMENT_TARGET = 8.0;
				LD_RUNPATH_SEARCH_PATHS = (
					"$(inherited)",
					"@executable_path/Frameworks",
				);
				LIBRARY_SEARCH_PATHS = (
					"$(inherited)",
					"$(PROJECT_DIR)/guidlib/lib/Library",
				);
				PRODUCT_BUNDLE_IDENTIFIER = com.WCQueryMail;
				PRODUCT_NAME = "$(TARGET_NAME)";
				PROVISIONING_PROFILE_SPECIFIER = "";
				TARGETED_DEVICE_FAMILY = 1;
			};
			name = Debug;
		};
		D6213880226F1D2400827821 /* Release */ = {
			isa = XCBuildConfiguration;
			baseConfigurationReference = 144B12DD75B402C03E817E61 /* Pods-GHQueryMail.release.xcconfig */;
			buildSettings = {
				ASSETCATALOG_COMPILER_APPICON_NAME = AppIcon;
				ASSETCATALOG_COMPILER_LAUNCHIMAGE_NAME = LaunchImage;
				CODE_SIGN_ENTITLEMENTS = GHQueryMail/GHQueryMail.entitlements;
				CODE_SIGN_IDENTITY = "iPhone Developer";
				CODE_SIGN_STYLE = Automatic;
				DEVELOPMENT_TEAM = ZXDBXNDWAT;
				ENABLE_BITCODE = NO;
				INFOPLIST_FILE = GHQueryMail/Info.plist;
				IPHONEOS_DEPLOYMENT_TARGET = 8.0;
				LD_RUNPATH_SEARCH_PATHS = (
					"$(inherited)",
					"@executable_path/Frameworks",
				);
				LIBRARY_SEARCH_PATHS = (
					"$(inherited)",
					"$(PROJECT_DIR)/guidlib/lib/Library",
				);
				PRODUCT_BUNDLE_IDENTIFIER = com.WCQueryMail;
				PRODUCT_NAME = "$(TARGET_NAME)";
				PROVISIONING_PROFILE_SPECIFIER = "";
				TARGETED_DEVICE_FAMILY = 1;
			};
			name = Release;
		};
/* End XCBuildConfiguration section */

/* Begin XCConfigurationList section */
		D6213863226F1D2200827821 /* Build configuration list for PBXProject "GHQueryMail" */ = {
			isa = XCConfigurationList;
			buildConfigurations = (
				D621387C226F1D2400827821 /* Debug */,
				D621387D226F1D2400827821 /* Release */,
			);
			defaultConfigurationIsVisible = 0;
			defaultConfigurationName = Release;
		};
		D621387E226F1D2400827821 /* Build configuration list for PBXNativeTarget "GHQueryMail" */ = {
			isa = XCConfigurationList;
			buildConfigurations = (
				D621387F226F1D2400827821 /* Debug */,
				D6213880226F1D2400827821 /* Release */,
			);
			defaultConfigurationIsVisible = 0;
			defaultConfigurationName = Release;
		};
/* End XCConfigurationList section */
	};
	rootObject = D6213860226F1D2200827821 /* Project object */;
}
